{
  "name": "nicell.github.io",
  "version": "0.0.1",
  "lockfileVersion": 1,
  "requires": true,
  "dependencies": {
    "@fortawesome/fontawesome-common-types": {
      "version": "0.2.19",
      "resolved": "https://npm.fontawesome.com/@fortawesome/fontawesome-common-types/-/fontawesome-common-types-0.2.19.tgz",
      "integrity": "sha512-nd2Ul/CUs8U9sjofQYAALzOGpgkVJQgEhIJnOHaoyVR/LeC3x2mVg4eB910a4kS6WgLPebAY0M2fApEI497raQ=="
    },
    "@fortawesome/fontawesome-svg-core": {
      "version": "1.2.19",
      "resolved": "https://npm.fontawesome.com/@fortawesome/fontawesome-svg-core/-/fontawesome-svg-core-1.2.19.tgz",
      "integrity": "sha512-D4ICXg9oU08eF9o7Or392gPpjmwwgJu8ecCFusthbID95CLVXOgIyd4mOKD9Nud5Ckz+Ty59pqkNtThDKR0erA==",
      "requires": {
        "@fortawesome/fontawesome-common-types": "^0.2.19"
      }
    },
    "@fortawesome/free-brands-svg-icons": {
      "version": "5.9.0",
      "resolved": "https://npm.fontawesome.com/@fortawesome/free-brands-svg-icons/-/free-brands-svg-icons-5.9.0.tgz",
      "integrity": "sha512-sOz1wFyslaHUak8tY6IEhSAV1mAWbCLssBR8yFQV6f065k8nUCkjyrcxW4RVl9+wiLXmeG1CJUABUJV9DiW+7Q==",
      "requires": {
        "@fortawesome/fontawesome-common-types": "^0.2.19"
      }
    },
    "@fortawesome/free-regular-svg-icons": {
      "version": "5.9.0",
      "resolved": "https://npm.fontawesome.com/@fortawesome/free-regular-svg-icons/-/free-regular-svg-icons-5.9.0.tgz",
      "integrity": "sha512-6ZO0jLhk/Yrso0u5pXeYYSfZiHCNoCF7SgtqStdlEX8WtWD4IOfAB1N+MlSnMo12P5KR4cmucX/K0NCOPrhJwg==",
      "requires": {
        "@fortawesome/fontawesome-common-types": "^0.2.19"
      }
    },
    "@fortawesome/free-solid-svg-icons": {
      "version": "5.9.0",
      "resolved": "https://npm.fontawesome.com/@fortawesome/free-solid-svg-icons/-/free-solid-svg-icons-5.9.0.tgz",
      "integrity": "sha512-U8YXPfWcSozsCW0psCtlRGKjjRs5+Am5JJwLOUmVHFZbIEWzaz4YbP84EoPwUsVmSAKrisu3QeNcVOtmGml0Xw==",
      "requires": {
        "@fortawesome/fontawesome-common-types": "^0.2.19"
      }
    },
    "@fortawesome/pro-light-svg-icons": {
      "version": "5.9.0",
      "resolved": "https://npm.fontawesome.com/@fortawesome/pro-light-svg-icons/-/pro-light-svg-icons-5.9.0.tgz",
      "integrity": "sha512-GGlzdehkwF0dMi6SMaqYZ9lS08j4IqEutOY7y4UYFpXjB176W66dnT/QNGbqBzww04Woxb/+/iVwyz9tjm85WQ==",
      "requires": {
        "@fortawesome/fontawesome-common-types": "^0.2.19"
      }
    },
    "@fortawesome/pro-regular-svg-icons": {
      "version": "5.9.0",
      "resolved": "https://npm.fontawesome.com/@fortawesome/pro-regular-svg-icons/-/pro-regular-svg-icons-5.9.0.tgz",
      "integrity": "sha512-GnMBC1LMLa7vs1V3GyAHStjXShJFhMrvBVtFZtpr3gY+ALKWsMI5+966KiKp5858g98ECRo3Z/XaQvc0rMseXw==",
      "requires": {
        "@fortawesome/fontawesome-common-types": "^0.2.19"
      }
    },
    "@fortawesome/pro-solid-svg-icons": {
      "version": "5.9.0",
      "resolved": "https://npm.fontawesome.com/@fortawesome/pro-solid-svg-icons/-/pro-solid-svg-icons-5.9.0.tgz",
      "integrity": "sha512-sjQNmvPEx80Kd+zJBKFrT+06oOkD5vGsHxelUJwnii3b7fkBM6nb6FnvAU+CZBHTNh5GCAI5OVcjBcMhXiXIaQ==",
      "requires": {
        "@fortawesome/fontawesome-common-types": "^0.2.19"
      }
    },
    "@stencil/core": {
      "version": "1.0.4",
      "resolved": "https://registry.npmjs.org/@stencil/core/-/core-1.0.4.tgz",
      "integrity": "sha512-QGwH+h4qVzQ+Y+33DFFFnGzL+CnYuDx8/e1Y0xb4d+hc5BkHmNTheXeMFz/qN6umviF/Oojspjg8RIepyvZHUw==",
      "requires": {
        "typescript": "3.5.2"
      }
    },
    "@stencil/router": {
      "version": "1.0.1",
      "resolved": "https://registry.npmjs.org/@stencil/router/-/router-1.0.1.tgz",
      "integrity": "sha512-ZMholl1BE+glNAc/8pcEb9RYkeH0XETxsJbx6D7f3azTmaTXqKYty1IACP/3BtVjuimpfLdxQJ+J95wKmnYBtA==",
      "requires": {
        "@stencil/state-tunnel": "^1.0.1"
      }
    },
    "@stencil/state-tunnel": {
      "version": "1.0.1",
      "resolved": "https://registry.npmjs.org/@stencil/state-tunnel/-/state-tunnel-1.0.1.tgz",
      "integrity": "sha512-DYG8uROgL9hkjVTCtCfRBb0d3FwpiFB0muRrNZQ2X1Qo5hxMuNNji76/ILddqeq0AfgkKCW82xrMPDpy+rNIhQ=="
    },
    "intersection-observer": {
      "version": "0.7.0",
      "resolved": "https://registry.npmjs.org/intersection-observer/-/intersection-observer-0.7.0.tgz",
      "integrity": "sha512-Id0Fij0HsB/vKWGeBe9PxeY45ttRiBmhFyyt/geBdDHBYNctMRTE3dC1U3ujzz3lap+hVXlEcVaB56kZP/eEUg=="
    },
    "typescript": {
      "version": "3.5.2",
      "resolved": "https://registry.npmjs.org/typescript/-/typescript-3.5.2.tgz",
      "integrity": "sha512-7KxJovlYhTX5RaRbUdkAXN1KUZ8PwWlTzQdHV6xNqvuFOs7+WBo10TQUqT19Q/Jz2hk5v9TQDIhyLhhJY4p5AA=="
    }
  }
}
